
Microsoft Visual Studio Solution File, Format Version 12.00
# Visual Studio 15
VisualStudioVersion = 15.0.28307.1500
MinimumVisualStudioVersion = 10.0.40219.1
Project("{FAE04EC0-301F-11D3-BF4B-00C04F79EFBC}") = "MvcPerInfo", "MvcPerInfo\MvcPerInfo.csproj", "{DCFD3B20-F989-4912-9B1C-FA369408EF70}"
EndProject
Global
	GlobalSection(SolutionConfigurationPlatforms) = preSolution
		Debug|Any CPU = Debug|Any CPU
		Release|Any CPU = Release|Any CPU
	EndGlobalSection
	GlobalSection(ProjectConfigurationPlatforms) = postSolution
		{DCFD3B20-F989-4912-9B1C-FA369408EF70}.Debug|Any CPU.ActiveCfg = Debug|Any CPU
		{DCFD3B20-F989-4912-9B1C-FA369408EF70}.Debug|Any CPU.Build.0 = Debug|Any CPU
		{DCFD3B20-F989-4912-9B1C-FA369408EF70}.Release|Any CPU.ActiveCfg = Release|Any CPU
		{DCFD3B20-F989-4912-9B1C-FA369408EF70}.Release|Any CPU.Build.0 = Release|Any CPU
	EndGlobalSection
	GlobalSection(SolutionProperties) = preSolution
		HideSolutionNode = FALSE
	EndGlobalSection
	GlobalSection(ExtensibilityGlobals) = postSolution
		SolutionGuid = {A9C58077-3824-4A18-BC95-5DA1061BD4AB}
	EndGlobalSection
EndGlobal
